
Microsoft Visual Studio Solution File, Format Version 12.00
# Visual Studio Version 16
VisualStudioVersion = 16.0.31410.357
MinimumVisualStudioVersion = 10.0.40219.1
Project("{F184B08F-C81C-45F6-A57F-5ABD9991F28F}") = "Assignment 2", "..\..\Tutorial3WindowsApp\Assignment 2.vbproj", "{D1B04D64-0A35-4743-B206-25BADCE34BF5}"
EndProject
Project("{FAE04EC0-301F-11D3-BF4B-00C04F79EFBC}") = "CRUD_WindowsForms", "..\..\windows-forms-application-master\CRUD_WindowsForms\CRUD_WindowsForms\CRUD_WindowsForms.csproj", "{5DA067F7-F29D-4489-8613-4ED614E7338E}"
EndProject
Global
	GlobalSection(SolutionConfigurationPlatforms) = preSolution
		Debug|Any CPU = Debug|Any CPU
		Release|Any CPU = Release|Any CPU
	EndGlobalSection
	GlobalSection(ProjectConfigurationPlatforms) = postSolution
		{D1B04D64-0A35-4743-B206-25BADCE34BF5}.Debug|Any CPU.ActiveCfg = Debug|Any CPU
		{D1B04D64-0A35-4743-B206-25BADCE34BF5}.Debug|Any CPU.Build.0 = Debug|Any CPU
		{D1B04D64-0A35-4743-B206-25BADCE34BF5}.Release|Any CPU.ActiveCfg = Release|Any CPU
		{D1B04D64-0A35-4743-B206-25BADCE34BF5}.Release|Any CPU.Build.0 = Release|Any CPU
		{5DA067F7-F29D-4489-8613-4ED614E7338E}.Debug|Any CPU.ActiveCfg = Debug|Any CPU
		{5DA067F7-F29D-4489-8613-4ED614E7338E}.Debug|Any CPU.Build.0 = Debug|Any CPU
		{5DA067F7-F29D-4489-8613-4ED614E7338E}.Release|Any CPU.ActiveCfg = Release|Any CPU
		{5DA067F7-F29D-4489-8613-4ED614E7338E}.Release|Any CPU.Build.0 = Release|Any CPU
	EndGlobalSection
	GlobalSection(SolutionProperties) = preSolution
		HideSolutionNode = FALSE
	EndGlobalSection
	GlobalSection(ExtensibilityGlobals) = postSolution
		SolutionGuid = {04B2EC67-FC87-4E83-BBBF-31E477B10E25}
	EndGlobalSection
EndGlobal
